// !$*UTF8*$!
{
	archiveVersion = 1;
	classes = {
	};
	objectVersion = 50;
	objects = {

/* Begin PBXBuildFile section */
		C178B8EE23E0B7960041D0BE /* AppDelegate.swift in Sources */ = {isa = PBXBuildFile; fileRef = C178B8ED23E0B7960041D0BE /* AppDelegate.swift */; };
		C178B8F023E0B7960041D0BE /* SceneDelegate.swift in Sources */ = {isa = PBXBuildFile; fileRef = C178B8EF23E0B7960041D0BE /* SceneDelegate.swift */; };
		C178B8F523E0B7960041D0BE /* Main.storyboard in Resources */ = {isa = PBXBuildFile; fileRef = C178B8F323E0B7960041D0BE /* Main.storyboard */; };
		C178B8F723E0B7990041D0BE /* Assets.xcassets in Resources */ = {isa = PBXBuildFile; fileRef = C178B8F623E0B7990041D0BE /* Assets.xcassets */; };
		C178B8FA23E0B7990041D0BE /* LaunchScreen.storyboard in Resources */ = {isa = PBXBuildFile; fileRef = C178B8F823E0B7990041D0BE /* LaunchScreen.storyboard */; };
		C178B90523E0B79A0041D0BE /* VKontakteTests.swift in Sources */ = {isa = PBXBuildFile; fileRef = C178B90423E0B79A0041D0BE /* VKontakteTests.swift */; };
		C178B91023E0B79A0041D0BE /* VKontakteUITests.swift in Sources */ = {isa = PBXBuildFile; fileRef = C178B90F23E0B79A0041D0BE /* VKontakteUITests.swift */; };
		C178B91E23E0B8650041D0BE /* LoginFormController.swift in Sources */ = {isa = PBXBuildFile; fileRef = C178B91D23E0B8650041D0BE /* LoginFormController.swift */; };
/* End PBXBuildFile section */

/* Begin PBXContainerItemProxy section */
		C178B90123E0B79A0041D0BE /* PBXContainerItemProxy */ = {
			isa = PBXContainerItemProxy;
			containerPortal = C178B8E223E0B7960041D0BE /* Project object */;
			proxyType = 1;
			remoteGlobalIDString = C178B8E923E0B7960041D0BE;
			remoteInfo = VKontakte;
		};
		C178B90C23E0B79A0041D0BE /* PBXContainerItemProxy */ = {
			isa = PBXContainerItemProxy;
			containerPortal = C178B8E223E0B7960041D0BE /* Project object */;
			proxyType = 1;
			remoteGlobalIDString = C178B8E923E0B7960041D0BE;
			remoteInfo = VKontakte;
		};
/* End PBXContainerItemProxy section */

/* Begin PBXFileReference section */
		C178B8EA23E0B7960041D0BE /* VKontakte.app */ = {isa = PBXFileReference; explicitFileType = wrapper.application; includeInIndex = 0; path = VKontakte.app; sourceTree = BUILT_PRODUCTS_DIR; };
		C178B8ED23E0B7960041D0BE /* AppDelegate.swift */ = {isa = PBXFileReference; lastKnownFileType = sourcecode.swift; path = AppDelegate.swift; sourceTree = "<group>"; };
		C178B8EF23E0B7960041D0BE /* SceneDelegate.swift */ = {isa = PBXFileReference; lastKnownFileType = sourcecode.swift; path = SceneDelegate.swift; sourceTree = "<group>"; };
		C178B8F423E0B7960041D0BE /* Base */ = {isa = PBXFileReference; lastKnownFileType = file.storyboard; name = Base; path = Base.lproj/Main.storyboard; sourceTree = "<group>"; };
		C178B8F623E0B7990041D0BE /* Assets.xcassets */ = {isa = PBXFileReference; lastKnownFileType = folder.assetcatalog; path = Assets.xcassets; sourceTree = "<group>"; };
		C178B8F923E0B7990041D0BE /* Base */ = {isa = PBXFileReference; lastKnownFileType = file.storyboard; name = Base; path = Base.lproj/LaunchScreen.storyboard; sourceTree = "<group>"; };
		C178B8FB23E0B7990041D0BE /* Info.plist */ = {isa = PBXFileReference; lastKnownFileType = text.plist.xml; path = Info.plist; sourceTree = "<group>"; };
		C178B90023E0B79A0041D0BE /* VKontakteTests.xctest */ = {isa = PBXFileReference; explicitFileType = wrapper.cfbundle; includeInIndex = 0; path = VKontakteTests.xctest; sourceTree = BUILT_PRODUCTS_DIR; };
		C178B90423E0B79A0041D0BE /* VKontakteTests.swift */ = {isa = PBXFileReference; lastKnownFileType = sourcecode.swift; path = VKontakteTests.swift; sourceTree = "<group>"; };
		C178B90623E0B79A0041D0BE /* Info.plist */ = {isa = PBXFileReference; lastKnownFileType = text.plist.xml; path = Info.plist; sourceTree = "<group>"; };
		C178B90B23E0B79A0041D0BE /* VKontakteUITests.xctest */ = {isa = PBXFileReference; explicitFileType = wrapper.cfbundle; includeInIndex = 0; path = VKontakteUITests.xctest; sourceTree = BUILT_PRODUCTS_DIR; };
		C178B90F23E0B79A0041D0BE /* VKontakteUITests.swift */ = {isa = PBXFileReference; lastKnownFileType = sourcecode.swift; path = VKontakteUITests.swift; sourceTree = "<group>"; };
		C178B91123E0B79A0041D0BE /* Info.plist */ = {isa = PBXFileReference; lastKnownFileType = text.plist.xml; path = Info.plist; sourceTree = "<group>"; };
		C178B91D23E0B8650041D0BE /* LoginFormController.swift */ = {isa = PBXFileReference; lastKnownFileType = sourcecode.swift; path = LoginFormController.swift; sourceTree = "<group>"; };
/* End PBXFileReference section */

/* Begin PBXFrameworksBuildPhase section */
		C178B8E723E0B7960041D0BE /* Frameworks */ = {
			isa = PBXFrameworksBuildPhase;
			buildActionMask = 2147483647;
			files = (
			);
			runOnlyForDeploymentPostprocessing = 0;
		};
		C178B8FD23E0B79A0041D0BE /* Frameworks */ = {
			isa = PBXFrameworksBuildPhase;
			buildActionMask = 2147483647;
			files = (
			);
			runOnlyForDeploymentPostprocessing = 0;
		};
		C178B90823E0B79A0041D0BE /* Frameworks */ = {
			isa = PBXFrameworksBuildPhase;
			buildActionMask = 2147483647;
			files = (
			);
			runOnlyForDeploymentPostprocessing = 0;
		};
/* End PBXFrameworksBuildPhase section */

/* Begin PBXGroup section */
		C178B8E123E0B7960041D0BE = {
			isa = PBXGroup;
			children = (
				C178B8EC23E0B7960041D0BE /* VKontakte */,
				C178B90323E0B79A0041D0BE /* VKontakteTests */,
				C178B90E23E0B79A0041D0BE /* VKontakteUITests */,
				C178B8EB23E0B7960041D0BE /* Products */,
			);
			sourceTree = "<group>";
		};
		C178B8EB23E0B7960041D0BE /* Products */ = {
			isa = PBXGroup;
			children = (
				C178B8EA23E0B7960041D0BE /* VKontakte.app */,
				C178B90023E0B79A0041D0BE /* VKontakteTests.xctest */,
				C178B90B23E0B79A0041D0BE /* VKontakteUITests.xctest */,
			);
			name = Products;
			sourceTree = "<group>";
		};
		C178B8EC23E0B7960041D0BE /* VKontakte */ = {
			isa = PBXGroup;
			children = (
				C178B8ED23E0B7960041D0BE /* AppDelegate.swift */,
				C178B8EF23E0B7960041D0BE /* SceneDelegate.swift */,
				C178B91D23E0B8650041D0BE /* LoginFormController.swift */,
				C178B8F323E0B7960041D0BE /* Main.storyboard */,
				C178B8F623E0B7990041D0BE /* Assets.xcassets */,
				C178B8F823E0B7990041D0BE /* LaunchScreen.storyboard */,
				C178B8FB23E0B7990041D0BE /* Info.plist */,
			);
			path = VKontakte;
			sourceTree = "<group>";
		};
		C178B90323E0B79A0041D0BE /* VKontakteTests */ = {
			isa = PBXGroup;
			children = (
				C178B90423E0B79A0041D0BE /* VKontakteTests.swift */,
				C178B90623E0B79A0041D0BE /* Info.plist */,
			);
			path = VKontakteTests;
			sourceTree = "<group>";
		};
		C178B90E23E0B79A0041D0BE /* VKontakteUITests */ = {
			isa = PBXGroup;
			children = (
				C178B90F23E0B79A0041D0BE /* VKontakteUITests.swift */,
				C178B91123E0B79A0041D0BE /* Info.plist */,
			);
			path = VKontakteUITests;
			sourceTree = "<group>";
		};
/* End PBXGroup section */

/* Begin PBXNativeTarget section */
		C178B8E923E0B7960041D0BE /* VKontakte */ = {
			isa = PBXNativeTarget;
			buildConfigurationList = C178B91423E0B79A0041D0BE /* Build configuration list for PBXNativeTarget "VKontakte" */;
			buildPhases = (
				C178B8E623E0B7960041D0BE /* Sources */,
				C178B8E723E0B7960041D0BE /* Frameworks */,
				C178B8E823E0B7960041D0BE /* Resources */,
			);
			buildRules = (
			);
			dependencies = (
			);
			name = VKontakte;
			productName = VKontakte;
			productReference = C178B8EA23E0B7960041D0BE /* VKontakte.app */;
			productType = "com.apple.product-type.application";
		};
		C178B8FF23E0B79A0041D0BE /* VKontakteTests */ = {
			isa = PBXNativeTarget;
			buildConfigurationList = C178B91723E0B79A0041D0BE /* Build configuration list for PBXNativeTarget "VKontakteTests" */;
			buildPhases = (
				C178B8FC23E0B79A0041D0BE /* Sources */,
				C178B8FD23E0B79A0041D0BE /* Frameworks */,
				C178B8FE23E0B79A0041D0BE /* Resources */,
			);
			buildRules = (
			);
			dependencies = (
				C178B90223E0B79A0041D0BE /* PBXTargetDependency */,
			);
			name = VKontakteTests;
			productName = VKontakteTests;
			productReference = C178B90023E0B79A0041D0BE /* VKontakteTests.xctest */;
			productType = "com.apple.product-type.bundle.unit-test";
		};
		C178B90A23E0B79A0041D0BE /* VKontakteUITests */ = {
			isa = PBXNativeTarget;
			buildConfigurationList = C178B91A23E0B79A0041D0BE /* Build configuration list for PBXNativeTarget "VKontakteUITests" */;
			buildPhases = (
				C178B90723E0B79A0041D0BE /* Sources */,
				C178B90823E0B79A0041D0BE /* Frameworks */,
				C178B90923E0B79A0041D0BE /* Resources */,
			);
			buildRules = (
			);
			dependencies = (
				C178B90D23E0B79A0041D0BE /* PBXTargetDependency */,
			);
			name = VKontakteUITests;
			productName = VKontakteUITests;
			productReference = C178B90B23E0B79A0041D0BE /* VKontakteUITests.xctest */;
			productType = "com.apple.product-type.bundle.ui-testing";
		};
/* End PBXNativeTarget section */

/* Begin PBXProject section */
		C178B8E223E0B7960041D0BE /* Project object */ = {
			isa = PBXProject;
			attributes = {
				LastSwiftUpdateCheck = 1130;
				LastUpgradeCheck = 1130;
				ORGANIZATIONNAME = "Ilya Zhidenko";
				TargetAttributes = {
					C178B8E923E0B7960041D0BE = {
						CreatedOnToolsVersion = 11.3;
					};
					C178B8FF23E0B79A0041D0BE = {
						CreatedOnToolsVersion = 11.3;
						TestTargetID = C178B8E923E0B7960041D0BE;
					};
					C178B90A23E0B79A0041D0BE = {
						CreatedOnToolsVersion = 11.3;
						TestTargetID = C178B8E923E0B7960041D0BE;
					};
				};
			};
			buildConfigurationList = C178B8E523E0B7960041D0BE /* Build configuration list for PBXProject "VKontakte" */;
			compatibilityVersion = "Xcode 9.3";
			developmentRegion = en;
			hasScannedForEncodings = 0;
			knownRegions = (
				en,
				Base,
			);
			mainGroup = C178B8E123E0B7960041D0BE;
			productRefGroup = C178B8EB23E0B7960041D0BE /* Products */;
			projectDirPath = "";
			projectRoot = "";
			targets = (
				C178B8E923E0B7960041D0BE /* VKontakte */,
				C178B8FF23E0B79A0041D0BE /* VKontakteTests */,
				C178B90A23E0B79A0041D0BE /* VKontakteUITests */,
			);
		};
/* End PBXProject section */

/* Begin PBXResourcesBuildPhase section */
		C178B8E823E0B7960041D0BE /* Resources */ = {
			isa = PBXResourcesBuildPhase;
			buildActionMask = 2147483647;
			files = (
				C178B8FA23E0B7990041D0BE /* LaunchScreen.storyboard in Resources */,
				C178B8F723E0B7990041D0BE /* Assets.xcassets in Resources */,
				C178B8F523E0B7960041D0BE /* Main.storyboard in Resources */,
			);
			runOnlyForDeploymentPostprocessing = 0;
		};
		C178B8FE23E0B79A0041D0BE /* Resources */ = {
			isa = PBXResourcesBuildPhase;
			buildActionMask = 2147483647;
			files = (
			);
			runOnlyForDeploymentPostprocessing = 0;
		};
		C178B90923E0B79A0041D0BE /* Resources */ = {
			isa = PBXResourcesBuildPhase;
			buildActionMask = 2147483647;
			files = (
			);
			runOnlyForDeploymentPostprocessing = 0;
		};
/* End PBXResourcesBuildPhase section */

/* Begin PBXSourcesBuildPhase section */
		C178B8E623E0B7960041D0BE /* Sources */ = {
			isa = PBXSourcesBuildPhase;
			buildActionMask = 2147483647;
			files = (
				C178B91E23E0B8650041D0BE /* LoginFormController.swift in Sources */,
				C178B8EE23E0B7960041D0BE /* AppDelegate.swift in Sources */,
				C178B8F023E0B7960041D0BE /* SceneDelegate.swift in Sources */,
			);
			runOnlyForDeploymentPostprocessing = 0;
		};
		C178B8FC23E0B79A0041D0BE /* Sources */ = {
			isa = PBXSourcesBuildPhase;
			buildActionMask = 2147483647;
			files = (
				C178B90523E0B79A0041D0BE /* VKontakteTests.swift in Sources */,
			);
			runOnlyForDeploymentPostprocessing = 0;
		};
		C178B90723E0B79A0041D0BE /* Sources */ = {
			isa = PBXSourcesBuildPhase;
			buildActionMask = 2147483647;
			files = (
				C178B91023E0B79A0041D0BE /* VKontakteUITests.swift in Sources */,
			);
			runOnlyForDeploymentPostprocessing = 0;
		};
/* End PBXSourcesBuildPhase section */

/* Begin PBXTargetDependency section */
		C178B90223E0B79A0041D0BE /* PBXTargetDependency */ = {
			isa = PBXTargetDependency;
			target = C178B8E923E0B7960041D0BE /* VKontakte */;
			targetProxy = C178B90123E0B79A0041D0BE /* PBXContainerItemProxy */;
		};
		C178B90D23E0B79A0041D0BE /* PBXTargetDependency */ = {
			isa = PBXTargetDependency;
			target = C178B8E923E0B7960041D0BE /* VKontakte */;
			targetProxy = C178B90C23E0B79A0041D0BE /* PBXContainerItemProxy */;
		};
/* End PBXTargetDependency section */

/* Begin PBXVariantGroup section */
		C178B8F323E0B7960041D0BE /* Main.storyboard */ = {
			isa = PBXVariantGroup;
			children = (
				C178B8F423E0B7960041D0BE /* Base */,
			);
			name = Main.storyboard;
			sourceTree = "<group>";
		};
		C178B8F823E0B7990041D0BE /* LaunchScreen.storyboard */ = {
			isa = PBXVariantGroup;
			children = (
				C178B8F923E0B7990041D0BE /* Base */,
			);
			name = LaunchScreen.storyboard;
			sourceTree = "<group>";
		};
/* End PBXVariantGroup section */

/* Begin XCBuildConfiguration section */
		C178B91223E0B79A0041D0BE /* Debug */ = {
			isa = XCBuildConfiguration;
			buildSettings = {
				ALWAYS_SEARCH_USER_PATHS = NO;
				CLANG_ANALYZER_NONNULL = YES;
				CLANG_ANALYZER_NUMBER_OBJECT_CONVERSION = YES_AGGRESSIVE;
				CLANG_CXX_LANGUAGE_STANDARD = "gnu++14";
				CLANG_CXX_LIBRARY = "libc++";
				CLANG_ENABLE_MODULES = YES;
				CLANG_ENABLE_OBJC_ARC = YES;
				CLANG_ENABLE_OBJC_WEAK = YES;
				CLANG_WARN_BLOCK_CAPTURE_AUTORELEASING = YES;
				CLANG_WARN_BOOL_CONVERSION = YES;
				CLANG_WARN_COMMA = YES;
				CLANG_WARN_CONSTANT_CONVERSION = YES;
				CLANG_WARN_DEPRECATED_OBJC_IMPLEMENTATIONS = YES;
				CLANG_WARN_DIRECT_OBJC_ISA_USAGE = YES_ERROR;
				CLANG_WARN_DOCUMENTATION_COMMENTS = YES;
				CLANG_WARN_EMPTY_BODY = YES;
				CLANG_WARN_ENUM_CONVERSION = YES;
				CLANG_WARN_INFINITE_RECURSION = YES;
				CLANG_WARN_INT_CONVERSION = YES;
				CLANG_WARN_NON_LITERAL_NULL_CONVERSION = YES;
				CLANG_WARN_OBJC_IMPLICIT_RETAIN_SELF = YES;
				CLANG_WARN_OBJC_LITERAL_CONVERSION = YES;
				CLANG_WARN_OBJC_ROOT_CLASS = YES_ERROR;
				CLANG_WARN_RANGE_LOOP_ANALYSIS = YES;
				CLANG_WARN_STRICT_PROTOTYPES = YES;
				CLANG_WARN_SUSPICIOUS_MOVE = YES;
				CLANG_WARN_UNGUARDED_AVAILABILITY = YES_AGGRESSIVE;
				CLANG_WARN_UNREACHABLE_CODE = YES;
				CLANG_WARN__DUPLICATE_METHOD_MATCH = YES;
				COPY_PHASE_STRIP = NO;
				DEBUG_INFORMATION_FORMAT = dwarf;
				ENABLE_STRICT_OBJC_MSGSEND = YES;
				ENABLE_TESTABILITY = YES;
				GCC_C_LANGUAGE_STANDARD = gnu11;
				GCC_DYNAMIC_NO_PIC = NO;
				GCC_NO_COMMON_BLOCKS = YES;
				GCC_OPTIMIZATION_LEVEL = 0;
				GCC_PREPROCESSOR_DEFINITIONS = (
					"DEBUG=1",
					"$(inherited)",
				);
				GCC_WARN_64_TO_32_BIT_CONVERSION = YES;
				GCC_WARN_ABOUT_RETURN_TYPE = YES_ERROR;
				GCC_WARN_UNDECLARED_SELECTOR = YES;
				GCC_WARN_UNINITIALIZED_AUTOS = YES_AGGRESSIVE;
				GCC_WARN_UNUSED_FUNCTION = YES;
				GCC_WARN_UNUSED_VARIABLE = YES;
				IPHONEOS_DEPLOYMENT_TARGET = 13.2;
				MTL_ENABLE_DEBUG_INFO = INCLUDE_SOURCE;
				MTL_FAST_MATH = YES;
				ONLY_ACTIVE_ARCH = YES;
				SDKROOT = iphoneos;
				SWIFT_ACTIVE_COMPILATION_CONDITIONS = DEBUG;
				SWIFT_OPTIMIZATION_LEVEL = "-Onone";
			};
			name = Debug;
		};
		C178B91323E0B79A0041D0BE /* Release */ = {
			isa = XCBuildConfiguration;
			buildSettings = {
				ALWAYS_SEARCH_USER_PATHS = NO;
				CLANG_ANALYZER_NONNULL = YES;
				CLANG_ANALYZER_NUMBER_OBJECT_CONVERSION = YES_AGGRESSIVE;
				CLANG_CXX_LANGUAGE_STANDARD = "gnu++14";
				CLANG_CXX_LIBRARY = "libc++";
				CLANG_ENABLE_MODULES = YES;
				CLANG_ENABLE_OBJC_ARC = YES;
				CLANG_ENABLE_OBJC_WEAK = YES;
				CLANG_WARN_BLOCK_CAPTURE_AUTORELEASING = YES;
				CLANG_WARN_BOOL_CONVERSION = YES;
				CLANG_WARN_COMMA = YES;
				CLANG_WARN_CONSTANT_CONVERSION = YES;
				CLANG_WARN_DEPRECATED_OBJC_IMPLEMENTATIONS = YES;
				CLANG_WARN_DIRECT_OBJC_ISA_USAGE = YES_ERROR;
				CLANG_WARN_DOCUMENTATION_COMMENTS = YES;
				CLANG_WARN_EMPTY_BODY = YES;
				CLANG_WARN_ENUM_CONVERSION = YES;
				CLANG_WARN_INFINITE_RECURSION = YES;
				CLANG_WARN_INT_CONVERSION = YES;
				CLANG_WARN_NON_LITERAL_NULL_CONVERSION = YES;
				CLANG_WARN_OBJC_IMPLICIT_RETAIN_SELF = YES;
				CLANG_WARN_OBJC_LITERAL_CONVERSION = YES;
				CLANG_WARN_OBJC_ROOT_CLASS = YES_ERROR;
				CLANG_WARN_RANGE_LOOP_ANALYSIS = YES;
				CLANG_WARN_STRICT_PROTOTYPES = YES;
				CLANG_WARN_SUSPICIOUS_MOVE = YES;
				CLANG_WARN_UNGUARDED_AVAILABILITY = YES_AGGRESSIVE;
				CLANG_WARN_UNREACHABLE_CODE = YES;
				CLANG_WARN__DUPLICATE_METHOD_MATCH = YES;
				COPY_PHASE_STRIP = NO;
				DEBUG_INFORMATION_FORMAT = "dwarf-with-dsym";
				ENABLE_NS_ASSERTIONS = NO;
				ENABLE_STRICT_OBJC_MSGSEND = YES;
				GCC_C_LANGUAGE_STANDARD = gnu11;
				GCC_NO_COMMON_BLOCKS = YES;
				GCC_WARN_64_TO_32_BIT_CONVERSION = YES;
				GCC_WARN_ABOUT_RETURN_TYPE = YES_ERROR;
				GCC_WARN_UNDECLARED_SELECTOR = YES;
				GCC_WARN_UNINITIALIZED_AUTOS = YES_AGGRESSIVE;
				GCC_WARN_UNUSED_FUNCTION = YES;
				GCC_WARN_UNUSED_VARIABLE = YES;
				IPHONEOS_DEPLOYMENT_TARGET = 13.2;
				MTL_ENABLE_DEBUG_INFO = NO;
				MTL_FAST_MATH = YES;
				SDKROOT = iphoneos;
				SWIFT_COMPILATION_MODE = wholemodule;
				SWIFT_OPTIMIZATION_LEVEL = "-O";
				VALIDATE_PRODUCT = YES;
			};
			name = Release;
		};
		C178B91523E0B79A0041D0BE /* Debug */ = {
			isa = XCBuildConfiguration;
			buildSettings = {
				ASSETCATALOG_COMPILER_APPICON_NAME = AppIcon;
				CODE_SIGN_STYLE = Automatic;
				DEVELOPMENT_TEAM = K6SQ9279S9;
				INFOPLIST_FILE = VKontakte/Info.plist;
				LD_RUNPATH_SEARCH_PATHS = (
					"$(inherited)",
					"@executable_path/Frameworks",
				);
				PRODUCT_BUNDLE_IDENTIFIER = com.ilyazhidenko.VKontakte;
				PRODUCT_NAME = "$(TARGET_NAME)";
				SWIFT_VERSION = 5.0;
				TARGETED_DEVICE_FAMILY = "1,2";
			};
			name = Debug;
		};
		C178B91623E0B79A0041D0BE /* Release */ = {
			isa = XCBuildConfiguration;
			buildSettings = {
				ASSETCATALOG_COMPILER_APPICON_NAME = AppIcon;
				CODE_SIGN_STYLE = Automatic;
				DEVELOPMENT_TEAM = K6SQ9279S9;
				INFOPLIST_FILE = VKontakte/Info.plist;
				LD_RUNPATH_SEARCH_PATHS = (
					"$(inherited)",
					"@executable_path/Frameworks",
				);
				PRODUCT_BUNDLE_IDENTIFIER = com.ilyazhidenko.VKontakte;
				PRODUCT_NAME = "$(TARGET_NAME)";
				SWIFT_VERSION = 5.0;
				TARGETED_DEVICE_FAMILY = "1,2";
			};
			name = Release;
		};
		C178B91823E0B79A0041D0BE /* Debug */ = {
			isa = XCBuildConfiguration;
			buildSettings = {
				ALWAYS_EMBED_SWIFT_STANDARD_LIBRARIES = YES;
				BUNDLE_LOADER = "$(TEST_HOST)";
				CODE_SIGN_STYLE = Automatic;
				DEVELOPMENT_TEAM = K6SQ9279S9;
				INFOPLIST_FILE = VKontakteTests/Info.plist;
				IPHONEOS_DEPLOYMENT_TARGET = 13.2;
				LD_RUNPATH_SEARCH_PATHS = (
					"$(inherited)",
					"@executable_path/Frameworks",
					"@loader_path/Frameworks",
				);
				PRODUCT_BUNDLE_IDENTIFIER = com.ilyazhidenko.VKontakteTests;
				PRODUCT_NAME = "$(TARGET_NAME)";
				SWIFT_VERSION = 5.0;
				TARGETED_DEVICE_FAMILY = "1,2";
				TEST_HOST = "$(BUILT_PRODUCTS_DIR)/VKontakte.app/VKontakte";
			};
			name = Debug;
		};
		C178B91923E0B79A0041D0BE /* Release */ = {
			isa = XCBuildConfiguration;
			buildSettings = {
				ALWAYS_EMBED_SWIFT_STANDARD_LIBRARIES = YES;
				BUNDLE_LOADER = "$(TEST_HOST)";
				CODE_SIGN_STYLE = Automatic;
				DEVELOPMENT_TEAM = K6SQ9279S9;
				INFOPLIST_FILE = VKontakteTests/Info.plist;
				IPHONEOS_DEPLOYMENT_TARGET = 13.2;
				LD_RUNPATH_SEARCH_PATHS = (
					"$(inherited)",
					"@executable_path/Frameworks",
					"@loader_path/Frameworks",
				);
				PRODUCT_BUNDLE_IDENTIFIER = com.ilyazhidenko.VKontakteTests;
				PRODUCT_NAME = "$(TARGET_NAME)";
				SWIFT_VERSION = 5.0;
				TARGETED_DEVICE_FAMILY = "1,2";
				TEST_HOST = "$(BUILT_PRODUCTS_DIR)/VKontakte.app/VKontakte";
			};
			name = Release;
		};
		C178B91B23E0B79A0041D0BE /* Debug */ = {
			isa = XCBuildConfiguration;
			buildSettings = {
				ALWAYS_EMBED_SWIFT_STANDARD_LIBRARIES = YES;
				CODE_SIGN_STYLE = Automatic;
				DEVELOPMENT_TEAM = K6SQ9279S9;
				INFOPLIST_FILE = VKontakteUITests/Info.plist;
				LD_RUNPATH_SEARCH_PATHS = (
					"$(inherited)",
					"@executable_path/Frameworks",
					"@loader_path/Frameworks",
				);
				PRODUCT_BUNDLE_IDENTIFIER = com.ilyazhidenko.VKontakteUITests;
				PRODUCT_NAME = "$(TARGET_NAME)";
				SWIFT_VERSION = 5.0;
				TARGETED_DEVICE_FAMILY = "1,2";
				TEST_TARGET_NAME = VKontakte;
			};
			name = Debug;
		};
		C178B91C23E0B79A0041D0BE /* Release */ = {
			isa = XCBuildConfiguration;
			buildSettings = {
				ALWAYS_EMBED_SWIFT_STANDARD_LIBRARIES = YES;
				CODE_SIGN_STYLE = Automatic;
				DEVELOPMENT_TEAM = K6SQ9279S9;
				INFOPLIST_FILE = VKontakteUITests/Info.plist;
				LD_RUNPATH_SEARCH_PATHS = (
					"$(inherited)",
					"@executable_path/Frameworks",
					"@loader_path/Frameworks",
				);
				PRODUCT_BUNDLE_IDENTIFIER = com.ilyazhidenko.VKontakteUITests;
				PRODUCT_NAME = "$(TARGET_NAME)";
				SWIFT_VERSION = 5.0;
				TARGETED_DEVICE_FAMILY = "1,2";
				TEST_TARGET_NAME = VKontakte;
			};
			name = Release;
		};
/* End XCBuildConfiguration section */

/* Begin XCConfigurationList section */
		C178B8E523E0B7960041D0BE /* Build configuration list for PBXProject "VKontakte" */ = {
			isa = XCConfigurationList;
			buildConfigurations = (
				C178B91223E0B79A0041D0BE /* Debug */,
				C178B91323E0B79A0041D0BE /* Release */,
			);
			defaultConfigurationIsVisible = 0;
			defaultConfigurationName = Release;
		};
		C178B91423E0B79A0041D0BE /* Build configuration list for PBXNativeTarget "VKontakte" */ = {
			isa = XCConfigurationList;
			buildConfigurations = (
				C178B91523E0B79A0041D0BE /* Debug */,
				C178B91623E0B79A0041D0BE /* Release */,
			);
			defaultConfigurationIsVisible = 0;
			defaultConfigurationName = Release;
		};
		C178B91723E0B79A0041D0BE /* Build configuration list for PBXNativeTarget "VKontakteTests" */ = {
			isa = XCConfigurationList;
			buildConfigurations = (
				C178B91823E0B79A0041D0BE /* Debug */,
				C178B91923E0B79A0041D0BE /* Release */,
			);
			defaultConfigurationIsVisible = 0;
			defaultConfigurationName = Release;
		};
		C178B91A23E0B79A0041D0BE /* Build configuration list for PBXNativeTarget "VKontakteUITests" */ = {
			isa = XCConfigurationList;
			buildConfigurations = (
				C178B91B23E0B79A0041D0BE /* Debug */,
				C178B91C23E0B79A0041D0BE /* Release */,
			);
			defaultConfigurationIsVisible = 0;
			defaultConfigurationName = Release;
		};
/* End XCConfigurationList section */
	};
	rootObject = C178B8E223E0B7960041D0BE /* Project object */;
}
